// !$*UTF8*$!
{
	archiveVersion = 1;
	classes = {
	};
	objectVersion = 55;
	objects = {

/* Begin PBXBuildFile section */
		04A9D7FE28C3BDC300038D5A /* dadleApp.swift in Sources */ = {isa = PBXBuildFile; fileRef = 04A9D7FD28C3BDC300038D5A /* dadleApp.swift */; };
		04A9D80028C3BDC300038D5A /* OnboardingView.swift in Sources */ = {isa = PBXBuildFile; fileRef = 04A9D7FF28C3BDC300038D5A /* OnboardingView.swift */; };
		04A9D80228C3BDC400038D5A /* Assets.xcassets in Resources */ = {isa = PBXBuildFile; fileRef = 04A9D80128C3BDC400038D5A /* Assets.xcassets */; };
		04A9D80528C3BDC400038D5A /* Preview Assets.xcassets in Resources */ = {isa = PBXBuildFile; fileRef = 04A9D80428C3BDC400038D5A /* Preview Assets.xcassets */; };
		04BD3A6528E199650009B85F /* AppleCoordinator.swift in Sources */ = {isa = PBXBuildFile; fileRef = 04BD3A6228E199650009B85F /* AppleCoordinator.swift */; };
		04BD3A6628E199650009B85F /* EnvironmentKey.swift in Sources */ = {isa = PBXBuildFile; fileRef = 04BD3A6328E199650009B85F /* EnvironmentKey.swift */; };
		04BD3A6728E199650009B85F /* AppleLoginView.swift in Sources */ = {isa = PBXBuildFile; fileRef = 04BD3A6428E199650009B85F /* AppleLoginView.swift */; };
		04BD3A6A28E199D50009B85F /* FirebaseAuth in Frameworks */ = {isa = PBXBuildFile; productRef = 04BD3A6928E199D50009B85F /* FirebaseAuth */; };
		7161261F28E3133900C474D0 /* ColorExtension.swift in Sources */ = {isa = PBXBuildFile; fileRef = 7161261E28E3133900C474D0 /* ColorExtension.swift */; };
		71A96E8528C65DE100978DF3 /* FirebaseAnalytics in Frameworks */ = {isa = PBXBuildFile; productRef = 71A96E8428C65DE100978DF3 /* FirebaseAnalytics */; };
		71A96E8E28C65EF000978DF3 /* SocialLoginButton.swift in Sources */ = {isa = PBXBuildFile; fileRef = 71A96E8D28C65EF000978DF3 /* SocialLoginButton.swift */; };
		71A96E9128C660D800978DF3 /* KakaoSDKAuth in Frameworks */ = {isa = PBXBuildFile; productRef = 71A96E9028C660D800978DF3 /* KakaoSDKAuth */; };
		71A96E9328C660D800978DF3 /* KakaoSDKCommon in Frameworks */ = {isa = PBXBuildFile; productRef = 71A96E9228C660D800978DF3 /* KakaoSDKCommon */; };
		71A96E9528C660D800978DF3 /* KakaoSDKUser in Frameworks */ = {isa = PBXBuildFile; productRef = 71A96E9428C660D800978DF3 /* KakaoSDKUser */; };
		7A4E0A8828DD85B60065B822 /* HomeView.swift in Sources */ = {isa = PBXBuildFile; fileRef = 7A4E0A8728DD85B60065B822 /* HomeView.swift */; };
		7A4E0A8A28DD86550065B822 /* AppTabNavigation.swift in Sources */ = {isa = PBXBuildFile; fileRef = 7A4E0A8928DD86550065B822 /* AppTabNavigation.swift */; };
		7A4E0A8C28DD87D10065B822 /* GoogleService-Info.plist in Resources */ = {isa = PBXBuildFile; fileRef = 7A4E0A8B28DD87D10065B822 /* GoogleService-Info.plist */; };
		7A4E0A8E28DD896A0065B822 /* MBTITypes.swift in Sources */ = {isa = PBXBuildFile; fileRef = 7A4E0A8D28DD896A0065B822 /* MBTITypes.swift */; };
		7A64653728E1800A00A71233 /* KakaoAuthVM.swift in Sources */ = {isa = PBXBuildFile; fileRef = 7A64653628E1800A00A71233 /* KakaoAuthVM.swift */; };
/* End PBXBuildFile section */

/* Begin PBXFileReference section */
		04A9D7FA28C3BDC300038D5A /* dadle.app */ = {isa = PBXFileReference; explicitFileType = wrapper.application; includeInIndex = 0; path = dadle.app; sourceTree = BUILT_PRODUCTS_DIR; };
		04A9D7FD28C3BDC300038D5A /* dadleApp.swift */ = {isa = PBXFileReference; lastKnownFileType = sourcecode.swift; path = dadleApp.swift; sourceTree = "<group>"; };
		04A9D7FF28C3BDC300038D5A /* OnboardingView.swift */ = {isa = PBXFileReference; lastKnownFileType = sourcecode.swift; path = OnboardingView.swift; sourceTree = "<group>"; };
		04A9D80128C3BDC400038D5A /* Assets.xcassets */ = {isa = PBXFileReference; lastKnownFileType = folder.assetcatalog; path = Assets.xcassets; sourceTree = "<group>"; };
		04A9D80428C3BDC400038D5A /* Preview Assets.xcassets */ = {isa = PBXFileReference; lastKnownFileType = folder.assetcatalog; path = "Preview Assets.xcassets"; sourceTree = "<group>"; };
		04BD3A6228E199650009B85F /* AppleCoordinator.swift */ = {isa = PBXFileReference; fileEncoding = 4; lastKnownFileType = sourcecode.swift; path = AppleCoordinator.swift; sourceTree = "<group>"; };
		04BD3A6328E199650009B85F /* EnvironmentKey.swift */ = {isa = PBXFileReference; fileEncoding = 4; lastKnownFileType = sourcecode.swift; path = EnvironmentKey.swift; sourceTree = "<group>"; };
		04BD3A6428E199650009B85F /* AppleLoginView.swift */ = {isa = PBXFileReference; fileEncoding = 4; lastKnownFileType = sourcecode.swift; path = AppleLoginView.swift; sourceTree = "<group>"; };
		7161261E28E3133900C474D0 /* ColorExtension.swift */ = {isa = PBXFileReference; lastKnownFileType = sourcecode.swift; path = ColorExtension.swift; sourceTree = "<group>"; };
		71A96E8D28C65EF000978DF3 /* SocialLoginButton.swift */ = {isa = PBXFileReference; lastKnownFileType = sourcecode.swift; path = SocialLoginButton.swift; sourceTree = "<group>"; };
		71A96EB028C6631F00978DF3 /* Info.plist */ = {isa = PBXFileReference; lastKnownFileType = text.plist; path = Info.plist; sourceTree = "<group>"; };
		7A4E0A8728DD85B60065B822 /* HomeView.swift */ = {isa = PBXFileReference; lastKnownFileType = sourcecode.swift; path = HomeView.swift; sourceTree = "<group>"; };
		7A4E0A8928DD86550065B822 /* AppTabNavigation.swift */ = {isa = PBXFileReference; lastKnownFileType = sourcecode.swift; path = AppTabNavigation.swift; sourceTree = "<group>"; };
		7A4E0A8B28DD87D10065B822 /* GoogleService-Info.plist */ = {isa = PBXFileReference; fileEncoding = 4; lastKnownFileType = text.plist.xml; path = "GoogleService-Info.plist"; sourceTree = "<group>"; };
		7A4E0A8D28DD896A0065B822 /* MBTITypes.swift */ = {isa = PBXFileReference; lastKnownFileType = sourcecode.swift; path = MBTITypes.swift; sourceTree = "<group>"; };
		7A64653328E1745100A71233 /* Config.xcconfig */ = {isa = PBXFileReference; lastKnownFileType = text.xcconfig; path = Config.xcconfig; sourceTree = "<group>"; };
		7A64653628E1800A00A71233 /* KakaoAuthVM.swift */ = {isa = PBXFileReference; lastKnownFileType = sourcecode.swift; path = KakaoAuthVM.swift; sourceTree = "<group>"; };
/* End PBXFileReference section */

/* Begin PBXFrameworksBuildPhase section */
		04A9D7F728C3BDC300038D5A /* Frameworks */ = {
			isa = PBXFrameworksBuildPhase;
			buildActionMask = 2147483647;
			files = (
				71A96E9528C660D800978DF3 /* KakaoSDKUser in Frameworks */,
				04BD3A6A28E199D50009B85F /* FirebaseAuth in Frameworks */,
				71A96E8528C65DE100978DF3 /* FirebaseAnalytics in Frameworks */,
				71A96E9328C660D800978DF3 /* KakaoSDKCommon in Frameworks */,
				71A96E9128C660D800978DF3 /* KakaoSDKAuth in Frameworks */,
			);
			runOnlyForDeploymentPostprocessing = 0;
		};
/* End PBXFrameworksBuildPhase section */

/* Begin PBXGroup section */
		04A9D7F128C3BDC300038D5A = {
			isa = PBXGroup;
			children = (
				04A9D7FC28C3BDC300038D5A /* dadle */,
				04A9D7FB28C3BDC300038D5A /* Products */,
			);
			sourceTree = "<group>";
		};
		04A9D7FB28C3BDC300038D5A /* Products */ = {
			isa = PBXGroup;
			children = (
				04A9D7FA28C3BDC300038D5A /* dadle.app */,
			);
			name = Products;
			sourceTree = "<group>";
		};
		04A9D7FC28C3BDC300038D5A /* dadle */ = {
			isa = PBXGroup;
			children = (
				7161262028E3285A00C474D0 /* Onboarding */,
				7A4E0A8628DD859D0065B822 /* Home */,
				7A4E0A8528DD858C0065B822 /* Data */,
				71A96E8628C65E3100978DF3 /* LoginView */,
				04A9D7FD28C3BDC300038D5A /* dadleApp.swift */,
				7A4E0A8928DD86550065B822 /* AppTabNavigation.swift */,
				7161261E28E3133900C474D0 /* ColorExtension.swift */,
				04A9D80128C3BDC400038D5A /* Assets.xcassets */,
				71A96EB028C6631F00978DF3 /* Info.plist */,
				7A4E0A8B28DD87D10065B822 /* GoogleService-Info.plist */,
				7A64653328E1745100A71233 /* Config.xcconfig */,
				04A9D80328C3BDC400038D5A /* Preview Content */,
			);
			path = dadle;
			sourceTree = "<group>";
		};
		04A9D80328C3BDC400038D5A /* Preview Content */ = {
			isa = PBXGroup;
			children = (
				04A9D80428C3BDC400038D5A /* Preview Assets.xcassets */,
			);
			path = "Preview Content";
			sourceTree = "<group>";
		};
		7161262028E3285A00C474D0 /* Onboarding */ = {
			isa = PBXGroup;
			children = (
				04A9D7FF28C3BDC300038D5A /* OnboardingView.swift */,
			);
			path = Onboarding;
			sourceTree = "<group>";
		};
		71A96E8628C65E3100978DF3 /* LoginView */ = {
			isa = PBXGroup;
			children = (
				04BD3A6228E199650009B85F /* AppleCoordinator.swift */,
				04BD3A6428E199650009B85F /* AppleLoginView.swift */,
				04BD3A6328E199650009B85F /* EnvironmentKey.swift */,
				71A96E8D28C65EF000978DF3 /* SocialLoginButton.swift */,
				7A64653628E1800A00A71233 /* KakaoAuthVM.swift */,
			);
			path = LoginView;
			sourceTree = "<group>";
		};
		7A4E0A8528DD858C0065B822 /* Data */ = {
			isa = PBXGroup;
			children = (
				7A4E0A8D28DD896A0065B822 /* MBTITypes.swift */,
			);
			path = Data;
			sourceTree = "<group>";
		};
		7A4E0A8628DD859D0065B822 /* Home */ = {
			isa = PBXGroup;
			children = (
				7A4E0A8728DD85B60065B822 /* HomeView.swift */,
			);
			path = Home;
			sourceTree = "<group>";
		};
/* End PBXGroup section */

/* Begin PBXNativeTarget section */
		04A9D7F928C3BDC300038D5A /* dadle */ = {
			isa = PBXNativeTarget;
			buildConfigurationList = 04A9D80828C3BDC400038D5A /* Build configuration list for PBXNativeTarget "dadle" */;
			buildPhases = (
				04A9D7F628C3BDC300038D5A /* Sources */,
				04A9D7F728C3BDC300038D5A /* Frameworks */,
				04A9D7F828C3BDC300038D5A /* Resources */,
			);
			buildRules = (
			);
			dependencies = (
			);
			name = dadle;
			packageProductDependencies = (
				71A96E8428C65DE100978DF3 /* FirebaseAnalytics */,
				71A96E9028C660D800978DF3 /* KakaoSDKAuth */,
				71A96E9228C660D800978DF3 /* KakaoSDKCommon */,
				71A96E9428C660D800978DF3 /* KakaoSDKUser */,
				04BD3A6928E199D50009B85F /* FirebaseAuth */,
			);
			productName = dadle;
			productReference = 04A9D7FA28C3BDC300038D5A /* dadle.app */;
			productType = "com.apple.product-type.application";
		};
/* End PBXNativeTarget section */

/* Begin PBXProject section */
		04A9D7F228C3BDC300038D5A /* Project object */ = {
			isa = PBXProject;
			attributes = {
				BuildIndependentTargetsInParallel = 1;
				LastSwiftUpdateCheck = 1340;
				LastUpgradeCheck = 1340;
				TargetAttributes = {
					04A9D7F928C3BDC300038D5A = {
						CreatedOnToolsVersion = 13.4.1;
					};
				};
			};
			buildConfigurationList = 04A9D7F528C3BDC300038D5A /* Build configuration list for PBXProject "dadle" */;
			compatibilityVersion = "Xcode 13.0";
			developmentRegion = en;
			hasScannedForEncodings = 0;
			knownRegions = (
				en,
				Base,
			);
			mainGroup = 04A9D7F128C3BDC300038D5A;
			packageReferences = (
				71A96E8328C65DE100978DF3 /* XCRemoteSwiftPackageReference "firebase-ios-sdk" */,
				71A96E8F28C660D800978DF3 /* XCRemoteSwiftPackageReference "kakao-ios-sdk" */,
				04BD3A6828E199D50009B85F /* XCRemoteSwiftPackageReference "firebase-ios-sdk" */,
			);
			productRefGroup = 04A9D7FB28C3BDC300038D5A /* Products */;
			projectDirPath = "";
			projectRoot = "";
			targets = (
				04A9D7F928C3BDC300038D5A /* dadle */,
			);
		};
/* End PBXProject section */

/* Begin PBXResourcesBuildPhase section */
		04A9D7F828C3BDC300038D5A /* Resources */ = {
			isa = PBXResourcesBuildPhase;
			buildActionMask = 2147483647;
			files = (
				04A9D80528C3BDC400038D5A /* Preview Assets.xcassets in Resources */,
				04A9D80228C3BDC400038D5A /* Assets.xcassets in Resources */,
				7A4E0A8C28DD87D10065B822 /* GoogleService-Info.plist in Resources */,
			);
			runOnlyForDeploymentPostprocessing = 0;
		};
/* End PBXResourcesBuildPhase section */

/* Begin PBXSourcesBuildPhase section */
		04A9D7F628C3BDC300038D5A /* Sources */ = {
			isa = PBXSourcesBuildPhase;
			buildActionMask = 2147483647;
			files = (
				7A4E0A8A28DD86550065B822 /* AppTabNavigation.swift in Sources */,
				04BD3A6728E199650009B85F /* AppleLoginView.swift in Sources */,
				04A9D80028C3BDC300038D5A /* OnboardingView.swift in Sources */,
				7A4E0A8E28DD896A0065B822 /* MBTITypes.swift in Sources */,
				71A96E8E28C65EF000978DF3 /* SocialLoginButton.swift in Sources */,
				7A4E0A8828DD85B60065B822 /* HomeView.swift in Sources */,
				04A9D7FE28C3BDC300038D5A /* dadleApp.swift in Sources */,
				04BD3A6528E199650009B85F /* AppleCoordinator.swift in Sources */,
				7A64653728E1800A00A71233 /* KakaoAuthVM.swift in Sources */,
				04BD3A6628E199650009B85F /* EnvironmentKey.swift in Sources */,
				7161261F28E3133900C474D0 /* ColorExtension.swift in Sources */,
			);
			runOnlyForDeploymentPostprocessing = 0;
		};
/* End PBXSourcesBuildPhase section */

/* Begin XCBuildConfiguration section */
		04A9D80628C3BDC400038D5A /* Debug */ = {
			isa = XCBuildConfiguration;
			baseConfigurationReference = 7A64653328E1745100A71233 /* Config.xcconfig */;
			buildSettings = {
				ALWAYS_SEARCH_USER_PATHS = NO;
				CLANG_ANALYZER_NONNULL = YES;
				CLANG_ANALYZER_NUMBER_OBJECT_CONVERSION = YES_AGGRESSIVE;
				CLANG_CXX_LANGUAGE_STANDARD = "gnu++17";
				CLANG_ENABLE_MODULES = YES;
				CLANG_ENABLE_OBJC_ARC = YES;
				CLANG_ENABLE_OBJC_WEAK = YES;
				CLANG_WARN_BLOCK_CAPTURE_AUTORELEASING = YES;
				CLANG_WARN_BOOL_CONVERSION = YES;
				CLANG_WARN_COMMA = YES;
				CLANG_WARN_CONSTANT_CONVERSION = YES;
				CLANG_WARN_DEPRECATED_OBJC_IMPLEMENTATIONS = YES;
				CLANG_WARN_DIRECT_OBJC_ISA_USAGE = YES_ERROR;
				CLANG_WARN_DOCUMENTATION_COMMENTS = YES;
				CLANG_WARN_EMPTY_BODY = YES;
				CLANG_WARN_ENUM_CONVERSION = YES;
				CLANG_WARN_INFINITE_RECURSION = YES;
				CLANG_WARN_INT_CONVERSION = YES;
				CLANG_WARN_NON_LITERAL_NULL_CONVERSION = YES;
				CLANG_WARN_OBJC_IMPLICIT_RETAIN_SELF = YES;
				CLANG_WARN_OBJC_LITERAL_CONVERSION = YES;
				CLANG_WARN_OBJC_ROOT_CLASS = YES_ERROR;
				CLANG_WARN_QUOTED_INCLUDE_IN_FRAMEWORK_HEADER = YES;
				CLANG_WARN_RANGE_LOOP_ANALYSIS = YES;
				CLANG_WARN_STRICT_PROTOTYPES = YES;
				CLANG_WARN_SUSPICIOUS_MOVE = YES;
				CLANG_WARN_UNGUARDED_AVAILABILITY = YES_AGGRESSIVE;
				CLANG_WARN_UNREACHABLE_CODE = YES;
				CLANG_WARN__DUPLICATE_METHOD_MATCH = YES;
				COPY_PHASE_STRIP = NO;
				DEBUG_INFORMATION_FORMAT = dwarf;
				ENABLE_STRICT_OBJC_MSGSEND = YES;
				ENABLE_TESTABILITY = YES;
				GCC_C_LANGUAGE_STANDARD = gnu11;
				GCC_DYNAMIC_NO_PIC = NO;
				GCC_NO_COMMON_BLOCKS = YES;
				GCC_OPTIMIZATION_LEVEL = 0;
				GCC_PREPROCESSOR_DEFINITIONS = (
					"DEBUG=1",
					"$(inherited)",
				);
				GCC_WARN_64_TO_32_BIT_CONVERSION = YES;
				GCC_WARN_ABOUT_RETURN_TYPE = YES_ERROR;
				GCC_WARN_UNDECLARED_SELECTOR = YES;
				GCC_WARN_UNINITIALIZED_AUTOS = YES_AGGRESSIVE;
				GCC_WARN_UNUSED_FUNCTION = YES;
				GCC_WARN_UNUSED_VARIABLE = YES;
				IPHONEOS_DEPLOYMENT_TARGET = 14.0;
				MTL_ENABLE_DEBUG_INFO = INCLUDE_SOURCE;
				MTL_FAST_MATH = YES;
				ONLY_ACTIVE_ARCH = YES;
				SDKROOT = iphoneos;
				SWIFT_ACTIVE_COMPILATION_CONDITIONS = DEBUG;
				SWIFT_OPTIMIZATION_LEVEL = "-Onone";
			};
			name = Debug;
		};
		04A9D80728C3BDC400038D5A /* Release */ = {
			isa = XCBuildConfiguration;
			baseConfigurationReference = 7A64653328E1745100A71233 /* Config.xcconfig */;
			buildSettings = {
				ALWAYS_SEARCH_USER_PATHS = NO;
				CLANG_ANALYZER_NONNULL = YES;
				CLANG_ANALYZER_NUMBER_OBJECT_CONVERSION = YES_AGGRESSIVE;
				CLANG_CXX_LANGUAGE_STANDARD = "gnu++17";
				CLANG_ENABLE_MODULES = YES;
				CLANG_ENABLE_OBJC_ARC = YES;
				CLANG_ENABLE_OBJC_WEAK = YES;
				CLANG_WARN_BLOCK_CAPTURE_AUTORELEASING = YES;
				CLANG_WARN_BOOL_CONVERSION = YES;
				CLANG_WARN_COMMA = YES;
				CLANG_WARN_CONSTANT_CONVERSION = YES;
				CLANG_WARN_DEPRECATED_OBJC_IMPLEMENTATIONS = YES;
				CLANG_WARN_DIRECT_OBJC_ISA_USAGE = YES_ERROR;
				CLANG_WARN_DOCUMENTATION_COMMENTS = YES;
				CLANG_WARN_EMPTY_BODY = YES;
				CLANG_WARN_ENUM_CONVERSION = YES;
				CLANG_WARN_INFINITE_RECURSION = YES;
				CLANG_WARN_INT_CONVERSION = YES;
				CLANG_WARN_NON_LITERAL_NULL_CONVERSION = YES;
				CLANG_WARN_OBJC_IMPLICIT_RETAIN_SELF = YES;
				CLANG_WARN_OBJC_LITERAL_CONVERSION = YES;
				CLANG_WARN_OBJC_ROOT_CLASS = YES_ERROR;
				CLANG_WARN_QUOTED_INCLUDE_IN_FRAMEWORK_HEADER = YES;
				CLANG_WARN_RANGE_LOOP_ANALYSIS = YES;
				CLANG_WARN_STRICT_PROTOTYPES = YES;
				CLANG_WARN_SUSPICIOUS_MOVE = YES;
				CLANG_WARN_UNGUARDED_AVAILABILITY = YES_AGGRESSIVE;
				CLANG_WARN_UNREACHABLE_CODE = YES;
				CLANG_WARN__DUPLICATE_METHOD_MATCH = YES;
				COPY_PHASE_STRIP = NO;
				DEBUG_INFORMATION_FORMAT = "dwarf-with-dsym";
				ENABLE_NS_ASSERTIONS = NO;
				ENABLE_STRICT_OBJC_MSGSEND = YES;
				GCC_C_LANGUAGE_STANDARD = gnu11;
				GCC_NO_COMMON_BLOCKS = YES;
				GCC_WARN_64_TO_32_BIT_CONVERSION = YES;
				GCC_WARN_ABOUT_RETURN_TYPE = YES_ERROR;
				GCC_WARN_UNDECLARED_SELECTOR = YES;
				GCC_WARN_UNINITIALIZED_AUTOS = YES_AGGRESSIVE;
				GCC_WARN_UNUSED_FUNCTION = YES;
				GCC_WARN_UNUSED_VARIABLE = YES;
				IPHONEOS_DEPLOYMENT_TARGET = 14.0;
				MTL_ENABLE_DEBUG_INFO = NO;
				MTL_FAST_MATH = YES;
				SDKROOT = iphoneos;
				SWIFT_COMPILATION_MODE = wholemodule;
				SWIFT_OPTIMIZATION_LEVEL = "-O";
				VALIDATE_PRODUCT = YES;
			};
			name = Release;
		};
		04A9D80928C3BDC400038D5A /* Debug */ = {
			isa = XCBuildConfiguration;
			buildSettings = {
				ASSETCATALOG_COMPILER_APPICON_NAME = AppIcon;
				ASSETCATALOG_COMPILER_GLOBAL_ACCENT_COLOR_NAME = AccentColor;
				CODE_SIGN_STYLE = Automatic;
				CURRENT_PROJECT_VERSION = 1;
				DEVELOPMENT_ASSET_PATHS = "\"dadle/Preview Content\"";
				DEVELOPMENT_TEAM = "";
				ENABLE_PREVIEWS = YES;
				GENERATE_INFOPLIST_FILE = YES;
				INFOPLIST_FILE = dadle/Info.plist;
				INFOPLIST_KEY_UIApplicationSceneManifest_Generation = YES;
				INFOPLIST_KEY_UIApplicationSupportsIndirectInputEvents = YES;
				INFOPLIST_KEY_UILaunchScreen_Generation = YES;
				INFOPLIST_KEY_UISupportedInterfaceOrientations_iPad = "UIInterfaceOrientationPortrait UIInterfaceOrientationPortraitUpsideDown UIInterfaceOrientationLandscapeLeft UIInterfaceOrientationLandscapeRight";
				INFOPLIST_KEY_UISupportedInterfaceOrientations_iPhone = "UIInterfaceOrientationPortrait UIInterfaceOrientationLandscapeLeft UIInterfaceOrientationLandscapeRight";
				LD_RUNPATH_SEARCH_PATHS = (
					"$(inherited)",
					"@executable_path/Frameworks",
				);
				MARKETING_VERSION = 1.0;
				PRODUCT_BUNDLE_IDENTIFIER = com.ognam.dadle;
				PRODUCT_NAME = "$(TARGET_NAME)";
				SWIFT_EMIT_LOC_STRINGS = YES;
				SWIFT_VERSION = 5.0;
				TARGETED_DEVICE_FAMILY = "1,2";
			};
			name = Debug;
		};
		04A9D80A28C3BDC400038D5A /* Release */ = {
			isa = XCBuildConfiguration;
			buildSettings = {
				ASSETCATALOG_COMPILER_APPICON_NAME = AppIcon;
				ASSETCATALOG_COMPILER_GLOBAL_ACCENT_COLOR_NAME = AccentColor;
				CODE_SIGN_STYLE = Automatic;
				CURRENT_PROJECT_VERSION = 1;
				DEVELOPMENT_ASSET_PATHS = "\"dadle/Preview Content\"";
				DEVELOPMENT_TEAM = "";
				ENABLE_PREVIEWS = YES;
				GENERATE_INFOPLIST_FILE = YES;
				INFOPLIST_FILE = dadle/Info.plist;
				INFOPLIST_KEY_UIApplicationSceneManifest_Generation = YES;
				INFOPLIST_KEY_UIApplicationSupportsIndirectInputEvents = YES;
				INFOPLIST_KEY_UILaunchScreen_Generation = YES;
				INFOPLIST_KEY_UISupportedInterfaceOrientations_iPad = "UIInterfaceOrientationPortrait UIInterfaceOrientationPortraitUpsideDown UIInterfaceOrientationLandscapeLeft UIInterfaceOrientationLandscapeRight";
				INFOPLIST_KEY_UISupportedInterfaceOrientations_iPhone = "UIInterfaceOrientationPortrait UIInterfaceOrientationLandscapeLeft UIInterfaceOrientationLandscapeRight";
				LD_RUNPATH_SEARCH_PATHS = (
					"$(inherited)",
					"@executable_path/Frameworks",
				);
				MARKETING_VERSION = 1.0;
				PRODUCT_BUNDLE_IDENTIFIER = com.ognam.dadle;
				PRODUCT_NAME = "$(TARGET_NAME)";
				SWIFT_EMIT_LOC_STRINGS = YES;
				SWIFT_VERSION = 5.0;
				TARGETED_DEVICE_FAMILY = "1,2";
			};
			name = Release;
		};
/* End XCBuildConfiguration section */

/* Begin XCConfigurationList section */
		04A9D7F528C3BDC300038D5A /* Build configuration list for PBXProject "dadle" */ = {
			isa = XCConfigurationList;
			buildConfigurations = (
				04A9D80628C3BDC400038D5A /* Debug */,
				04A9D80728C3BDC400038D5A /* Release */,
			);
			defaultConfigurationIsVisible = 0;
			defaultConfigurationName = Release;
		};
		04A9D80828C3BDC400038D5A /* Build configuration list for PBXNativeTarget "dadle" */ = {
			isa = XCConfigurationList;
			buildConfigurations = (
				04A9D80928C3BDC400038D5A /* Debug */,
				04A9D80A28C3BDC400038D5A /* Release */,
			);
			defaultConfigurationIsVisible = 0;
			defaultConfigurationName = Release;
		};
/* End XCConfigurationList section */

/* Begin XCRemoteSwiftPackageReference section */
		04BD3A6828E199D50009B85F /* XCRemoteSwiftPackageReference "firebase-ios-sdk" */ = {
			isa = XCRemoteSwiftPackageReference;
			repositoryURL = "https://github.com/firebase/firebase-ios-sdk";
			requirement = {
				branch = master;
				kind = branch;
			};
		};
		71A96E8328C65DE100978DF3 /* XCRemoteSwiftPackageReference "firebase-ios-sdk" */ = {
			isa = XCRemoteSwiftPackageReference;
			repositoryURL = "https://github.com/firebase/firebase-ios-sdk";
			requirement = {
				kind = upToNextMajorVersion;
				minimumVersion = 9.0.0;
			};
		};
		71A96E8F28C660D800978DF3 /* XCRemoteSwiftPackageReference "kakao-ios-sdk" */ = {
			isa = XCRemoteSwiftPackageReference;
			repositoryURL = "https://github.com/kakao/kakao-ios-sdk";
			requirement = {
				kind = upToNextMajorVersion;
				minimumVersion = 2.0.0;
			};
		};
/* End XCRemoteSwiftPackageReference section */

/* Begin XCSwiftPackageProductDependency section */
		04BD3A6928E199D50009B85F /* FirebaseAuth */ = {
			isa = XCSwiftPackageProductDependency;
			package = 04BD3A6828E199D50009B85F /* XCRemoteSwiftPackageReference "firebase-ios-sdk" */;
			productName = FirebaseAuth;
		};
		71A96E8428C65DE100978DF3 /* FirebaseAnalytics */ = {
			isa = XCSwiftPackageProductDependency;
			package = 71A96E8328C65DE100978DF3 /* XCRemoteSwiftPackageReference "firebase-ios-sdk" */;
			productName = FirebaseAnalytics;
		};
		71A96E9028C660D800978DF3 /* KakaoSDKAuth */ = {
			isa = XCSwiftPackageProductDependency;
			package = 71A96E8F28C660D800978DF3 /* XCRemoteSwiftPackageReference "kakao-ios-sdk" */;
			productName = KakaoSDKAuth;
		};
		71A96E9228C660D800978DF3 /* KakaoSDKCommon */ = {
			isa = XCSwiftPackageProductDependency;
			package = 71A96E8F28C660D800978DF3 /* XCRemoteSwiftPackageReference "kakao-ios-sdk" */;
			productName = KakaoSDKCommon;
		};
		71A96E9428C660D800978DF3 /* KakaoSDKUser */ = {
			isa = XCSwiftPackageProductDependency;
			package = 71A96E8F28C660D800978DF3 /* XCRemoteSwiftPackageReference "kakao-ios-sdk" */;
			productName = KakaoSDKUser;
		};
/* End XCSwiftPackageProductDependency section */
	};
	rootObject = 04A9D7F228C3BDC300038D5A /* Project object */;
}
